{
  "name": "@xihu/tui",
  "version": "0.1.0",
  "lockfileVersion": 3,
  "requires": true,
  "packages": {
    "": {
      "name": "@xihu/tui",
      "version": "0.1.0",
      "dependencies": {
        "marked": "^18.0.3"
      },
      "devDependencies": {
        "@rslint/tsgo": "^0.5.2",
        "@types/node": "^22.0.0",
        "typescript": "^5.6.0"
      }
    },
    "node_modules/@rslint/tsgo": {
      "version": "0.5.2",
      "resolved": "https://registry.npmjs.org/@rslint/tsgo/-/tsgo-0.5.2.tgz",
      "integrity": "sha512-5tAtUJlJp9koxheCcuwVsQhbqAJvBIJP8GQC1ob2slTmjvdde6X/bxExny/ePZ/aD9b4j9um4dVXYzgrRrMo9A==",
      "dev": true,
      "license": "MIT",
      "bin": {
        "tsgo": "bin/tsgo.cjs"
      },
      "optionalDependencies": {
        "@rslint/tsgo-darwin-arm64": "0.5.2",
        "@rslint/tsgo-darwin-x64": "0.5.2",
        "@rslint/tsgo-linux-arm64": "0.5.2",
        "@rslint/tsgo-linux-x64": "0.5.2",
        "@rslint/tsgo-win32-arm64": "0.5.2",
        "@rslint/tsgo-win32-x64": "0.5.2"
      }
    },
    "node_modules/@rslint/tsgo-darwin-arm64": {
      "version": "0.5.2",
      "resolved": "https://registry.npmjs.org/@rslint/tsgo-darwin-arm64/-/tsgo-darwin-arm64-0.5.2.tgz",
      "integrity": "sha512-3h55OD0a/yDhV7Z9RaM9oPb/MPxKtIm8vxp2wd2IdaVzwU6sInCFFT5mAvJ+HSfY00Xp17dQNPEQJfi1ffOgMQ==",
      "cpu": [
        "arm64"
      ],
      "dev": true,
      "license": "MIT",
      "optional": true,
      "os": [
        "darwin"
      ]
    },
    "node_modules/@rslint/tsgo-darwin-x64": {
      "version": "0.5.2",
      "resolved": "https://registry.npmjs.org/@rslint/tsgo-darwin-x64/-/tsgo-darwin-x64-0.5.2.tgz",
      "integrity": "sha512-Bn/hWBBS+KknsFn9Mn/V8VaERsSyPkhDvk6eT0Y2JQMRX/5hnGTEq1wOq7YsC19yw84nwaEz5/Sx58eA4StNVg==",
      "cpu": [
        "x64"
      ],
      "dev": true,
      "license": "MIT",
      "optional": true,
      "os": [
        "darwin"
      ]
    },
    "node_modules/@rslint/tsgo-linux-arm64": {
      "version": "0.5.2",
      "resolved": "https://registry.npmjs.org/@rslint/tsgo-linux-arm64/-/tsgo-linux-arm64-0.5.2.tgz",
      "integrity": "sha512-4FElPO31CO3rqF7DDGDbuUTznaxkUjK7x4xirJZixBczAXj/ZZNowJ67pigIz/nrzudQaievzZNVObzTzAC/kw==",
      "cpu": [
        "arm64"
      ],
      "dev": true,
      "license": "MIT",
      "optional": true,
      "os": [
        "linux"
      ]
    },
    "node_modules/@rslint/tsgo-linux-x64": {
      "version": "0.5.2",
      "resolved": "https://registry.npmjs.org/@rslint/tsgo-linux-x64/-/tsgo-linux-x64-0.5.2.tgz",
      "integrity": "sha512-8HlMpalAkqnqpGAZ85JnBySkyHTr+GRLWSi3k9/stPywzGMPeVSmf+EA1Ot6lIn1pAUxGSrI9nvazWMSvNxGEA==",
      "cpu": [
        "x64"
      ],
      "dev": true,
      "license": "MIT",
      "optional": true,
      "os": [
        "linux"
      ]
    },
    "node_modules/@rslint/tsgo-win32-arm64": {
      "version": "0.5.2",
      "resolved": "https://registry.npmjs.org/@rslint/tsgo-win32-arm64/-/tsgo-win32-arm64-0.5.2.tgz",
      "integrity": "sha512-Ao0bh8BvgaJwSfImtnb4LJWeZeM7iqXl8rS4cl9f19pT5T6HSRXEFFs3eSJNqSqvZwb0LRI1Cxpy3u4PA5iOYw==",
      "cpu": [
        "arm64"
      ],
      "dev": true,
      "license": "MIT",
      "optional": true,
      "os": [
        "win32"
      ]
    },
    "node_modules/@rslint/tsgo-win32-x64": {
      "version": "0.5.2",
      "resolved": "https://registry.npmjs.org/@rslint/tsgo-win32-x64/-/tsgo-win32-x64-0.5.2.tgz",
      "integrity": "sha512-y1oyiO5adapkSjfGdqbO5Roa1Lf/1jux9kb/Te/LX/rVkbK64JRH2VDMDdgL/mFK/9/yW3xbwWtLBWCVL6rQ0g==",
      "cpu": [
        "x64"
      ],
      "dev": true,
      "license": "MIT",
      "optional": true,
      "os": [
        "win32"
      ]
    },
    "node_modules/@types/node": {
      "version": "22.19.19",
      "resolved": "https://registry.npmjs.org/@types/node/-/node-22.19.19.tgz",
      "integrity": "sha512-dyh/xO2Fh5bYrfWaaqGrRQQGkNdmYw6AmaAUvYeUMNTWQtvb796ikLdmTchRmOlOiIJ1TDXfWgVx1QkUlQ6Hew==",
      "dev": true,
      "license": "MIT",
      "dependencies": {
        "undici-types": "~6.21.0"
      }
    },
    "node_modules/marked": {
      "version": "18.0.3",
      "resolved": "https://registry.npmjs.org/marked/-/marked-18.0.3.tgz",
      "integrity": "sha512-7VT90JOkDeaRWpfjOReRGPEKn0ecdARBkDGL+tT1wZY0efPPqkUxLUSmzy/C7TIylQYJC9STISEsCHrqb/7VIA==",
      "license": "MIT",
      "bin": {
        "marked": "bin/marked.js"
      },
      "engines": {
        "node": ">= 20"
      }
    },
    "node_modules/typescript": {
      "version": "5.9.3",
      "resolved": "https://registry.npmjs.org/typescript/-/typescript-5.9.3.tgz",
      "integrity": "sha512-jl1vZzPDinLr9eUt3J/t7V6FgNEw9QjvBPdysz9KfQDD41fQrC2Y4vKQdiaUpFT4bXlb1RHhLpp8wtm6M5TgSw==",
      "dev": true,
      "license": "Apache-2.0",
      "bin": {
        "tsc": "bin/tsc",
        "tsserver": "bin/tsserver"
      },
      "engines": {
        "node": ">=14.17"
      }
    },
    "node_modules/undici-types": {
      "version": "6.21.0",
      "resolved": "https://registry.npmjs.org/undici-types/-/undici-types-6.21.0.tgz",
      "integrity": "sha512-iwDZqg0QAGrg9Rav5H4n0M64c3mkR59cJ6wQp+7C4nI0gsmExaedaYLNO44eT4AtBBwjbTiGPMlt2Md0T9H9JQ==",
      "dev": true,
      "license": "MIT"
    }
  }
}
