{
  "name": "sweet-rosalind-e3644f",
  "lockfileVersion": 3,
  "requires": true,
  "packages": {
    "": {
      "workspaces": [
        "thread-projection"
      ]
    },
    "node_modules/@future-os/thread-projection": {
      "resolved": "thread-projection",
      "link": true
    },
    "node_modules/typescript": {
      "version": "6.0.3",
      "resolved": "https://registry.npmmirror.com/typescript/-/typescript-6.0.3.tgz",
      "integrity": "sha512-y2TvuxSZPDyQakkFRPZHKFm+KKVqIisdg9/CZwm9ftvKXLP8NRWj38/ODjNbr43SsoXqNuAisEf1GdCxqWcdBw==",
      "dev": true,
      "license": "Apache-2.0",
      "bin": {
        "tsc": "bin/tsc",
        "tsserver": "bin/tsserver"
      },
      "engines": {
        "node": ">=14.17"
      }
    },
    "thread-projection": {
      "name": "@future-os/thread-projection",
      "version": "0.0.0",
      "devDependencies": {
        "typescript": "^6.0.3"
      }
    }
  }
}
